{
  "name": "simple-offline-judge",
  "lockfileVersion": 3,
  "requires": true,
  "packages": {
    "": {
      "dependencies": {
        "codemirror": "^5.65.19",
        "react-codemirror2": "^7.3.0"
      }
    },
    "node_modules/codemirror": {
      "version": "5.65.19",
      "resolved": "https://registry.npmjs.org/codemirror/-/codemirror-5.65.19.tgz",
      "integrity": "sha512-+aFkvqhaAVr1gferNMuN8vkTSrWIFvzlMV9I2KBLCWS2WpZ2+UAkZjlMZmEuT+gcXTi6RrGQCkWq1/bDtGqhIA=="
    },
    "node_modules/react-codemirror2": {
      "version": "7.3.0",
      "resolved": "https://registry.npmjs.org/react-codemirror2/-/react-codemirror2-7.3.0.tgz",
      "integrity": "sha512-gCgJPXDX+5iaPolkHAu1YbJ92a2yL7Je4TuyO3QEqOtI/d6mbEk08l0oIm18R4ctuT/Sl87X63xIMBnRQBXYXA==",
      "peerDependencies": {
        "codemirror": "5.x",
        "react": ">=15.5 <=17.x"
      }
    }
  }
}
